<?xml version="1.0" encoding="UTF-8" standalone="yes" ?>
<CodeBlocks_project_file>
	<FileVersion major="1" minor="6" />
	<Project>
		<Option title="AVR-KERNEL" />
		<Option pch_mode="2" />
		<Option compiler="avr-gcc" />
		<Option virtualFolders="kernel/;kernel/syscalls/;drivers/;kernel/command/;kernel/driver/;drivers/display/;drivers/display/LiquidCrystalDisplayController/;kernel/bus/;kernel/bus/Retroboard_REV2/;kernel/bus/RetroAVRx4/;kernel/device/;drivers/keyboard/;drivers/keyboard/PS2/;kernel/command/list/;kernel/network/;kernel/emulation/;kernel/emulation/x4/;kernel/fs/;kernel/fs/basefs/;kernel/command/asm/;kernel/command/rn/;kernel/command/rm/;kernel/command/edit/;kernel/command/cls/;kernel/command/copy/;kernel/command/ls/;kernel/command/cap/;kernel/command/attrib/;kernel/command/mkdir/;kernel/command/cd/;kernel/command/net/;kernel/command/task/;kernel/command/repair/;kernel/command/format/;kernel/command/mk/;kernel/command/type/;kernel/command/ld/;kernel/command/ftp/;drivers/display/GraphixDisplayController/;kernel/command/graphics/;kernel/command/mandelbrot/;kernel/command/test/;kernel/virtual/;kernel/syscalls/print/;kernel/syscalls/beep/;kernel/syscalls/alloc/;kernel/command/mem/;kernel/command/boot/;kernel/syscalls/timer/;kernel/syscalls/graphics/" />
		<Build>
			<Target title="Release">
				<Option output="bin/AVR-KERNEL.elf" prefix_auto="1" extension_auto="0" />
				<Option working_dir="" />
				<Option object_output="obj/" />
				<Option type="5" />
				<Option compiler="avr-gcc" />
			</Target>
			<Target title="Upload">
				<Option type="4" />
				<Option compiler="avr-gcc" />
				<ExtraCommands>
					<Add after="avrdude.exe -V -p m644 -c usbtiny -U flash:w:bin\AVR-KERNEL.hex" />
					<Mode after="always" />
				</ExtraCommands>
			</Target>
			<Target title="Upload644p">
				<Option type="4" />
				<Option compiler="avr-gcc" />
				<ExtraCommands>
					<Add after="avrdude.exe -V -p m644p -c usbtiny -U flash:w:bin\AVR-KERNEL.hex" />
					<Mode after="always" />
				</ExtraCommands>
			</Target>
			<Environment>
				<Variable name="MCU" value="atmega644" />
			</Environment>
		</Build>
		<Compiler>
			<Add option="-mmcu=atmega644p" />
			<Add option="-fexpensive-optimizations" />
			<Add option="-flto" />
			<Add option="-Os" />
			<Add option="-Wall" />
			<Add option="-std=c11" />
			<Add directory="../AVR-KERNEL" />
		</Compiler>
		<Linker>
			<Add option="-flto" />
			<Add option="-s" />
			<Add option="-mmcu=atmega644" />
			<Add option="-Wl,-Map=$(TARGET_OUTPUT_DIR)$(TARGET_OUTPUT_BASENAME).map,--cref" />
		</Linker>
		<ExtraCommands>
			<Add after='cmd /c &quot;avr-objdump -h -S $(TARGET_OUTPUT_FILE) &gt; $(TARGET_OUTPUT_DIR)$(TARGET_OUTPUT_BASENAME).lss&quot;' />
			<Add after="avr-objcopy -R .eeprom -R .fuse -R .lock -R .signature -O ihex $(TARGET_OUTPUT_FILE) $(TARGET_OUTPUT_DIR)$(TARGET_OUTPUT_BASENAME).hex" />
			<Add after="avr-objcopy --no-change-warnings -j .eeprom --change-section-lma .eeprom=0 -O ihex $(TARGET_OUTPUT_FILE) $(TARGET_OUTPUT_DIR)$(TARGET_OUTPUT_BASENAME).eep" />
		</ExtraCommands>
		<Unit filename="drivers/display/LiquidCrystalDisplayController/main.c">
			<Option compilerVar="CC" />
			<Option virtualFolder="drivers/display/LiquidCrystalDisplayController/" />
			<Option target="Release" />
		</Unit>
		<Unit filename="drivers/display/LiquidCrystalDisplayController/main.h">
			<Option virtualFolder="drivers/display/LiquidCrystalDisplayController/" />
			<Option target="Release" />
		</Unit>
		<Unit filename="drivers/keyboard/PS2/main.c">
			<Option compilerVar="CC" />
			<Option virtualFolder="drivers/keyboard/PS2/" />
			<Option target="Release" />
		</Unit>
		<Unit filename="drivers/keyboard/PS2/main.h">
			<Option virtualFolder="drivers/keyboard/PS2/" />
			<Option target="Release" />
		</Unit>
		<Unit filename="kernel/array.cpp">
			<Option virtualFolder="kernel/" />
			<Option target="Release" />
		</Unit>
		<Unit filename="kernel/array.hpp">
			<Option virtualFolder="kernel/" />
			<Option target="Release" />
		</Unit>
		<Unit filename="kernel/bus/Retroboard_REV2/bus.c">
			<Option compilerVar="CC" />
			<Option virtualFolder="kernel/bus/Retroboard_REV2/" />
			<Option target="Release" />
		</Unit>
		<Unit filename="kernel/bus/bus.h">
			<Option virtualFolder="kernel/bus/" />
			<Option target="Release" />
		</Unit>
		<Unit filename="kernel/command/asm/asm.c">
			<Option compilerVar="CC" />
			<Option virtualFolder="kernel/command/asm/" />
			<Option target="Release" />
		</Unit>
		<Unit filename="kernel/command/asm/asm.h">
			<Option virtualFolder="kernel/command/asm/" />
			<Option target="Release" />
		</Unit>
		<Unit filename="kernel/command/attrib/attrib.c">
			<Option compilerVar="CC" />
			<Option virtualFolder="kernel/command/attrib/" />
			<Option target="Release" />
		</Unit>
		<Unit filename="kernel/command/attrib/attrib.h">
			<Option virtualFolder="kernel/command/attrib/" />
			<Option target="Release" />
		</Unit>
		<Unit filename="kernel/command/boot/boot.c">
			<Option compilerVar="CC" />
			<Option virtualFolder="kernel/command/boot/" />
			<Option target="Release" />
		</Unit>
		<Unit filename="kernel/command/boot/boot.h">
			<Option virtualFolder="kernel/command/boot/" />
			<Option target="Release" />
		</Unit>
		<Unit filename="kernel/command/cap/cap.c">
			<Option compilerVar="CC" />
			<Option virtualFolder="kernel/command/cap/" />
			<Option target="Release" />
		</Unit>
		<Unit filename="kernel/command/cap/cap.h">
			<Option virtualFolder="kernel/command/cap/" />
			<Option target="Release" />
		</Unit>
		<Unit filename="kernel/command/cd/cd.c">
			<Option compilerVar="CC" />
			<Option virtualFolder="kernel/command/cd/" />
			<Option target="Release" />
		</Unit>
		<Unit filename="kernel/command/cd/cd.h">
			<Option virtualFolder="kernel/command/cd/" />
			<Option target="Release" />
		</Unit>
		<Unit filename="kernel/command/cli.c">
			<Option compilerVar="CC" />
			<Option virtualFolder="kernel/command/" />
			<Option target="Release" />
		</Unit>
		<Unit filename="kernel/command/cli.h">
			<Option virtualFolder="kernel/command/" />
			<Option target="Release" />
		</Unit>
		<Unit filename="kernel/command/cls/cls.c">
			<Option compilerVar="CC" />
			<Option virtualFolder="kernel/command/cls/" />
			<Option target="Release" />
		</Unit>
		<Unit filename="kernel/command/cls/cls.h">
			<Option virtualFolder="kernel/command/cls/" />
			<Option target="Release" />
		</Unit>
		<Unit filename="kernel/command/command.c">
			<Option compilerVar="CC" />
			<Option virtualFolder="kernel/command/" />
			<Option target="Release" />
		</Unit>
		<Unit filename="kernel/command/copy/copy.c">
			<Option compilerVar="CC" />
			<Option virtualFolder="kernel/command/copy/" />
			<Option target="Release" />
		</Unit>
		<Unit filename="kernel/command/copy/copy.h">
			<Option virtualFolder="kernel/command/copy/" />
			<Option target="Release" />
		</Unit>
		<Unit filename="kernel/command/edit/edit.c">
			<Option compilerVar="CC" />
			<Option virtualFolder="kernel/command/edit/" />
			<Option target="Release" />
		</Unit>
		<Unit filename="kernel/command/edit/edit.h">
			<Option virtualFolder="kernel/command/edit/" />
			<Option target="Release" />
		</Unit>
		<Unit filename="kernel/command/environment.c">
			<Option compilerVar="CC" />
			<Option virtualFolder="kernel/command/" />
			<Option target="Release" />
		</Unit>
		<Unit filename="kernel/command/format/format.c">
			<Option compilerVar="CC" />
			<Option virtualFolder="kernel/command/format/" />
			<Option target="Release" />
		</Unit>
		<Unit filename="kernel/command/format/format.h">
			<Option virtualFolder="kernel/command/format/" />
			<Option target="Release" />
		</Unit>
		<Unit filename="kernel/command/ftp/ftp.c">
			<Option compilerVar="CC" />
			<Option virtualFolder="kernel/command/ftp/" />
			<Option target="Release" />
		</Unit>
		<Unit filename="kernel/command/ftp/ftp.h">
			<Option virtualFolder="kernel/command/ftp/" />
			<Option target="Release" />
		</Unit>
		<Unit filename="kernel/command/graph/graph.c">
			<Option compilerVar="CC" />
			<Option virtualFolder="kernel/command/graphics/" />
			<Option target="Release" />
		</Unit>
		<Unit filename="kernel/command/graph/graph.h">
			<Option virtualFolder="kernel/command/graphics/" />
			<Option target="Release" />
		</Unit>
		<Unit filename="kernel/command/ld/ld.c">
			<Option compilerVar="CC" />
			<Option virtualFolder="kernel/command/ld/" />
			<Option target="Release" />
		</Unit>
		<Unit filename="kernel/command/ld/ld.h">
			<Option virtualFolder="kernel/command/ld/" />
			<Option target="Release" />
		</Unit>
		<Unit filename="kernel/command/list/list.c">
			<Option compilerVar="CC" />
			<Option virtualFolder="kernel/command/list/" />
			<Option target="Release" />
		</Unit>
		<Unit filename="kernel/command/list/list.h">
			<Option virtualFolder="kernel/command/list/" />
			<Option target="Release" />
		</Unit>
		<Unit filename="kernel/command/ls/ls.c">
			<Option compilerVar="CC" />
			<Option virtualFolder="kernel/command/ls/" />
			<Option target="Release" />
		</Unit>
		<Unit filename="kernel/command/ls/ls.h">
			<Option virtualFolder="kernel/command/ls/" />
			<Option target="Release" />
		</Unit>
		<Unit filename="kernel/command/mandelbrot/mandelbrot.c">
			<Option compilerVar="CC" />
			<Option virtualFolder="kernel/command/mandelbrot/" />
			<Option target="Release" />
		</Unit>
		<Unit filename="kernel/command/mandelbrot/mandelbrot.h">
			<Option virtualFolder="kernel/command/mandelbrot/" />
			<Option target="Release" />
		</Unit>
		<Unit filename="kernel/command/mem/mem.c">
			<Option compilerVar="CC" />
			<Option virtualFolder="kernel/command/mem/" />
			<Option target="Release" />
		</Unit>
		<Unit filename="kernel/command/mem/mem.h">
			<Option virtualFolder="kernel/command/mem/" />
			<Option target="Release" />
		</Unit>
		<Unit filename="kernel/command/mk/mk.c">
			<Option compilerVar="CC" />
			<Option virtualFolder="kernel/command/mk/" />
			<Option target="Release" />
		</Unit>
		<Unit filename="kernel/command/mk/mk.h">
			<Option virtualFolder="kernel/command/mk/" />
			<Option target="Release" />
		</Unit>
		<Unit filename="kernel/command/mkdir/mkdir.c">
			<Option compilerVar="CC" />
			<Option virtualFolder="kernel/command/mkdir/" />
			<Option target="Release" />
		</Unit>
		<Unit filename="kernel/command/mkdir/mkdir.h">
			<Option virtualFolder="kernel/command/mkdir/" />
			<Option target="Release" />
		</Unit>
		<Unit filename="kernel/command/net/net.c">
			<Option compilerVar="CC" />
			<Option virtualFolder="kernel/command/net/" />
			<Option target="Release" />
		</Unit>
		<Unit filename="kernel/command/net/net.h">
			<Option virtualFolder="kernel/command/net/" />
			<Option target="Release" />
		</Unit>
		<Unit filename="kernel/command/parse.c">
			<Option compilerVar="CC" />
			<Option virtualFolder="kernel/command/" />
			<Option target="Release" />
		</Unit>
		<Unit filename="kernel/command/repair/repair.c">
			<Option compilerVar="CC" />
			<Option virtualFolder="kernel/command/repair/" />
			<Option target="Release" />
		</Unit>
		<Unit filename="kernel/command/repair/repair.h">
			<Option virtualFolder="kernel/command/repair/" />
			<Option target="Release" />
		</Unit>
		<Unit filename="kernel/command/rm/rm.c">
			<Option compilerVar="CC" />
			<Option virtualFolder="kernel/command/rm/" />
			<Option target="Release" />
		</Unit>
		<Unit filename="kernel/command/rm/rm.h">
			<Option virtualFolder="kernel/command/rm/" />
			<Option target="Release" />
		</Unit>
		<Unit filename="kernel/command/rn/rn.c">
			<Option compilerVar="CC" />
			<Option virtualFolder="kernel/command/rn/" />
			<Option target="Release" />
		</Unit>
		<Unit filename="kernel/command/rn/rn.h">
			<Option virtualFolder="kernel/command/rn/" />
			<Option target="Release" />
		</Unit>
		<Unit filename="kernel/command/shell.c">
			<Option compilerVar="CC" />
			<Option virtualFolder="kernel/command/" />
			<Option target="Release" />
		</Unit>
		<Unit filename="kernel/command/task/task.c">
			<Option compilerVar="CC" />
			<Option virtualFolder="kernel/command/task/" />
			<Option target="Release" />
		</Unit>
		<Unit filename="kernel/command/task/task.h">
			<Option virtualFolder="kernel/command/task/" />
			<Option target="Release" />
		</Unit>
		<Unit filename="kernel/command/test/test.cpp">
			<Option virtualFolder="kernel/command/test/" />
			<Option target="Release" />
		</Unit>
		<Unit filename="kernel/command/test/test.h">
			<Option virtualFolder="kernel/command/test/" />
			<Option target="Release" />
		</Unit>
		<Unit filename="kernel/command/type/type.c">
			<Option compilerVar="CC" />
			<Option virtualFolder="kernel/command/type/" />
			<Option target="Release" />
		</Unit>
		<Unit filename="kernel/command/type/type.h">
			<Option virtualFolder="kernel/command/type/" />
			<Option target="Release" />
		</Unit>
		<Unit filename="kernel/cstring.c">
			<Option compilerVar="CC" />
			<Option virtualFolder="kernel/" />
			<Option target="Release" />
		</Unit>
		<Unit filename="kernel/cstring.h">
			<Option virtualFolder="kernel/" />
			<Option target="Release" />
		</Unit>
		<Unit filename="kernel/delay.h">
			<Option virtualFolder="kernel/" />
			<Option target="Release" />
		</Unit>
		<Unit filename="kernel/device/device.c">
			<Option compilerVar="CC" />
			<Option virtualFolder="kernel/device/" />
			<Option target="Release" />
		</Unit>
		<Unit filename="kernel/device/device.h">
			<Option virtualFolder="kernel/device/" />
			<Option target="Release" />
		</Unit>
		<Unit filename="kernel/driver/driver.c">
			<Option compilerVar="CC" />
			<Option virtualFolder="kernel/driver/" />
			<Option target="Release" />
		</Unit>
		<Unit filename="kernel/driver/driver.h">
			<Option virtualFolder="kernel/driver/" />
			<Option target="Release" />
		</Unit>
		<Unit filename="kernel/drivers.c">
			<Option compilerVar="CC" />
			<Option virtualFolder="kernel/" />
			<Option target="Release" />
		</Unit>
		<Unit filename="kernel/drivers.h">
			<Option virtualFolder="kernel/" />
			<Option target="Release" />
		</Unit>
		<Unit filename="kernel/emulation/x4/services.c">
			<Option compilerVar="CC" />
			<Option virtualFolder="kernel/emulation/x4/" />
			<Option target="Release" />
		</Unit>
		<Unit filename="kernel/emulation/x4/utill.c">
			<Option compilerVar="CC" />
			<Option virtualFolder="kernel/emulation/x4/" />
			<Option target="Release" />
		</Unit>
		<Unit filename="kernel/emulation/x4/x4.c">
			<Option compilerVar="CC" />
			<Option virtualFolder="kernel/emulation/x4/" />
			<Option target="Release" />
		</Unit>
		<Unit filename="kernel/emulation/x4/x4.h">
			<Option virtualFolder="kernel/emulation/x4/" />
			<Option target="Release" />
		</Unit>
		<Unit filename="kernel/fs/basefs/fsAllocate.c">
			<Option compilerVar="CC" />
			<Option virtualFolder="kernel/fs/basefs/" />
			<Option target="Release" />
		</Unit>
		<Unit filename="kernel/fs/basefs/fsAttributes.c">
			<Option compilerVar="CC" />
			<Option virtualFolder="kernel/fs/basefs/" />
			<Option target="Release" />
		</Unit>
		<Unit filename="kernel/fs/basefs/fsDevice.c">
			<Option compilerVar="CC" />
			<Option virtualFolder="kernel/fs/basefs/" />
			<Option target="Release" />
		</Unit>
		<Unit filename="kernel/fs/basefs/fsDirectoryCreate.c">
			<Option compilerVar="CC" />
			<Option virtualFolder="kernel/fs/basefs/" />
			<Option target="Release" />
		</Unit>
		<Unit filename="kernel/fs/basefs/fsDirectoryDelete.c">
			<Option compilerVar="CC" />
			<Option virtualFolder="kernel/fs/basefs/" />
			<Option target="Release" />
		</Unit>
		<Unit filename="kernel/fs/basefs/fsDirectoryExists.c">
			<Option compilerVar="CC" />
			<Option virtualFolder="kernel/fs/basefs/" />
			<Option target="Release" />
		</Unit>
		<Unit filename="kernel/fs/basefs/fsDirectoryIO.c">
			<Option compilerVar="CC" />
			<Option virtualFolder="kernel/fs/basefs/" />
			<Option target="Release" />
		</Unit>
		<Unit filename="kernel/fs/basefs/fsFileCopy.c">
			<Option compilerVar="CC" />
			<Option virtualFolder="kernel/fs/basefs/" />
			<Option target="Release" />
		</Unit>
		<Unit filename="kernel/fs/basefs/fsFileCreate.c">
			<Option compilerVar="CC" />
			<Option virtualFolder="kernel/fs/basefs/" />
			<Option target="Release" />
		</Unit>
		<Unit filename="kernel/fs/basefs/fsFileDelete.c">
			<Option compilerVar="CC" />
			<Option virtualFolder="kernel/fs/basefs/" />
			<Option target="Release" />
		</Unit>
		<Unit filename="kernel/fs/basefs/fsFileExists.c">
			<Option compilerVar="CC" />
			<Option virtualFolder="kernel/fs/basefs/" />
			<Option target="Release" />
		</Unit>
		<Unit filename="kernel/fs/basefs/fsFileFind.c">
			<Option compilerVar="CC" />
			<Option virtualFolder="kernel/fs/basefs/" />
			<Option target="Release" />
		</Unit>
		<Unit filename="kernel/fs/basefs/fsFileFlags.c">
			<Option compilerVar="CC" />
			<Option virtualFolder="kernel/fs/basefs/" />
			<Option target="Release" />
		</Unit>
		<Unit filename="kernel/fs/basefs/fsFileGetName.c">
			<Option compilerVar="CC" />
			<Option virtualFolder="kernel/fs/basefs/" />
			<Option target="Release" />
		</Unit>
		<Unit filename="kernel/fs/basefs/fsFileGetSize.c">
			<Option compilerVar="CC" />
			<Option virtualFolder="kernel/fs/basefs/" />
			<Option target="Release" />
		</Unit>
		<Unit filename="kernel/fs/basefs/fsFileIO.c">
			<Option compilerVar="CC" />
			<Option virtualFolder="kernel/fs/basefs/" />
			<Option target="Release" />
		</Unit>
		<Unit filename="kernel/fs/basefs/fsFormat.c">
			<Option compilerVar="CC" />
			<Option virtualFolder="kernel/fs/basefs/" />
			<Option target="Release" />
		</Unit>
		<Unit filename="kernel/fs/basefs/fsFree.c">
			<Option compilerVar="CC" />
			<Option virtualFolder="kernel/fs/basefs/" />
			<Option target="Release" />
		</Unit>
		<Unit filename="kernel/fs/basefs/fsWorkingDirectory.c">
			<Option compilerVar="CC" />
			<Option virtualFolder="kernel/fs/basefs/" />
			<Option target="Release" />
		</Unit>
		<Unit filename="kernel/fs/basefs/fsWorkingDirectoryFind.c">
			<Option compilerVar="CC" />
			<Option virtualFolder="kernel/fs/basefs/" />
			<Option target="Release" />
		</Unit>
		<Unit filename="kernel/fs/fs.h">
			<Option virtualFolder="kernel/fs/" />
			<Option target="Release" />
		</Unit>
		<Unit filename="kernel/interrupt.c">
			<Option compilerVar="CC" />
			<Option virtualFolder="kernel/" />
			<Option target="Release" />
		</Unit>
		<Unit filename="kernel/interrupt.h">
			<Option virtualFolder="kernel/" />
			<Option target="Release" />
		</Unit>
		<Unit filename="kernel/kalloc.c">
			<Option compilerVar="CC" />
			<Option virtualFolder="kernel/" />
			<Option target="Release" />
		</Unit>
		<Unit filename="kernel/kalloc.h">
			<Option virtualFolder="kernel/" />
			<Option target="Release" />
		</Unit>
		<Unit filename="kernel/kconfig.h">
			<Option virtualFolder="kernel/" />
			<Option target="Release" />
		</Unit>
		<Unit filename="kernel/kernel.c">
			<Option compilerVar="CC" />
			<Option virtualFolder="kernel/" />
			<Option target="Release" />
		</Unit>
		<Unit filename="kernel/kernel.h">
			<Option virtualFolder="kernel/" />
			<Option target="Release" />
		</Unit>
		<Unit filename="kernel/kref.c">
			<Option compilerVar="CC" />
			<Option virtualFolder="kernel/" />
			<Option target="Release" />
		</Unit>
		<Unit filename="kernel/kref.h">
			<Option virtualFolder="kernel/" />
			<Option target="Release" />
		</Unit>
		<Unit filename="kernel/list.c">
			<Option compilerVar="CC" />
			<Option virtualFolder="kernel/" />
			<Option target="Release" />
		</Unit>
		<Unit filename="kernel/list.h">
			<Option virtualFolder="kernel/" />
			<Option target="Release" />
		</Unit>
		<Unit filename="kernel/main.c">
			<Option compilerVar="CC" />
			<Option virtualFolder="kernel/" />
			<Option target="Release" />
		</Unit>
		<Unit filename="kernel/main.h">
			<Option virtualFolder="kernel/" />
			<Option target="Release" />
		</Unit>
		<Unit filename="kernel/mutex.c">
			<Option compilerVar="CC" />
			<Option virtualFolder="kernel/" />
			<Option target="Release" />
		</Unit>
		<Unit filename="kernel/mutex.h">
			<Option virtualFolder="kernel/" />
			<Option target="Release" />
		</Unit>
		<Unit filename="kernel/network/network.c">
			<Option compilerVar="CC" />
			<Option virtualFolder="kernel/network/" />
			<Option target="Release" />
		</Unit>
		<Unit filename="kernel/network/network.h">
			<Option virtualFolder="kernel/network/" />
			<Option target="Release" />
		</Unit>
		<Unit filename="kernel/network/packet.c">
			<Option compilerVar="CC" />
			<Option virtualFolder="kernel/network/" />
			<Option target="Release" />
		</Unit>
		<Unit filename="kernel/network/packet.h">
			<Option virtualFolder="kernel/network/" />
			<Option target="Release" />
		</Unit>
		<Unit filename="kernel/network/router.c">
			<Option compilerVar="CC" />
			<Option virtualFolder="kernel/network/" />
			<Option target="Release" />
		</Unit>
		<Unit filename="kernel/network/router.h">
			<Option virtualFolder="kernel/network/" />
			<Option target="Release" />
		</Unit>
		<Unit filename="kernel/network/server.c">
			<Option compilerVar="CC" />
			<Option virtualFolder="kernel/network/" />
			<Option target="Release" />
		</Unit>
		<Unit filename="kernel/network/server.h">
			<Option virtualFolder="kernel/network/" />
			<Option target="Release" />
		</Unit>
		<Unit filename="kernel/pointers.h">
			<Option virtualFolder="kernel/" />
			<Option target="Release" />
		</Unit>
		<Unit filename="kernel/scheduler.c">
			<Option compilerVar="CC" />
			<Option virtualFolder="kernel/" />
			<Option target="Release" />
		</Unit>
		<Unit filename="kernel/scheduler.h">
			<Option virtualFolder="kernel/" />
			<Option target="Release" />
		</Unit>
		<Unit filename="kernel/string.cpp">
			<Option virtualFolder="kernel/" />
			<Option target="Release" />
		</Unit>
		<Unit filename="kernel/string.hpp">
			<Option virtualFolder="kernel/" />
			<Option target="Release" />
		</Unit>
		<Unit filename="kernel/syscalls/alloc/new.c">
			<Option compilerVar="CC" />
			<Option virtualFolder="kernel/syscalls/alloc/" />
			<Option target="Release" />
		</Unit>
		<Unit filename="kernel/syscalls/alloc/new.h">
			<Option virtualFolder="kernel/syscalls/alloc/" />
			<Option target="Release" />
		</Unit>
		<Unit filename="kernel/syscalls/beep/beep.c">
			<Option compilerVar="CC" />
			<Option virtualFolder="kernel/syscalls/beep/" />
			<Option target="Release" />
		</Unit>
		<Unit filename="kernel/syscalls/beep/beep.h">
			<Option virtualFolder="kernel/syscalls/beep/" />
			<Option target="Release" />
		</Unit>
		<Unit filename="kernel/syscalls/graphics/graphics.c">
			<Option compilerVar="CC" />
			<Option virtualFolder="kernel/syscalls/graphics/" />
			<Option target="Release" />
		</Unit>
		<Unit filename="kernel/syscalls/graphics/graphics.h">
			<Option virtualFolder="kernel/syscalls/graphics/" />
			<Option target="Release" />
		</Unit>
		<Unit filename="kernel/syscalls/print/print.c">
			<Option compilerVar="CC" />
			<Option virtualFolder="kernel/syscalls/print/" />
			<Option target="Release" />
		</Unit>
		<Unit filename="kernel/syscalls/print/print.h">
			<Option virtualFolder="kernel/syscalls/print/" />
			<Option target="Release" />
		</Unit>
		<Unit filename="kernel/syscalls/timer/timer.c">
			<Option compilerVar="CC" />
			<Option virtualFolder="kernel/syscalls/timer/" />
			<Option target="Release" />
		</Unit>
		<Unit filename="kernel/syscalls/timer/timer.h">
			<Option virtualFolder="kernel/syscalls/timer/" />
			<Option target="Release" />
		</Unit>
		<Unit filename="kernel/throw.c">
			<Option compilerVar="CC" />
			<Option virtualFolder="kernel/" />
			<Option target="Release" />
		</Unit>
		<Unit filename="kernel/throw.h">
			<Option virtualFolder="kernel/" />
			<Option target="Release" />
		</Unit>
		<Unit filename="kernel/version.c">
			<Option compilerVar="CC" />
			<Option virtualFolder="kernel/" />
			<Option target="Release" />
		</Unit>
		<Unit filename="kernel/version.h">
			<Option virtualFolder="kernel/" />
			<Option target="Release" />
		</Unit>
		<Unit filename="kernel/vfs.c">
			<Option compilerVar="CC" />
			<Option virtualFolder="kernel/" />
			<Option target="Release" />
		</Unit>
		<Unit filename="kernel/vfs.h">
			<Option virtualFolder="kernel/" />
			<Option target="Release" />
		</Unit>
		<Unit filename="kernel/virtual/virtual.c">
			<Option compilerVar="CC" />
			<Option virtualFolder="kernel/virtual/" />
			<Option target="Release" />
		</Unit>
		<Unit filename="kernel/virtual/virtual.h">
			<Option virtualFolder="kernel/virtual/" />
			<Option target="Release" />
		</Unit>
		<Extensions>
			<lib_finder disable_auto="1" />
		</Extensions>
	</Project>
</CodeBlocks_project_file>
